
Microsoft Visual Studio Solution File, Format Version 12.00
# Visual Studio 15
VisualStudioVersion = 15.0.26430.6
MinimumVisualStudioVersion = 10.0.40219.1
Project("{FAE04EC0-301F-11D3-BF4B-00C04F79EFBC}") = "Sample.Android", "Sample\Sample.Android\Sample.Android.csproj", "{DA24A3A5-B0EC-43D2-BD31-ACFABDC42500}"
EndProject
Project("{FAE04EC0-301F-11D3-BF4B-00C04F79EFBC}") = "Sample", "Sample\Sample\Sample.csproj", "{0E1CCC6E-5FA3-44D1-85EE-0BEF33A68027}"
EndProject
Project("{FAE04EC0-301F-11D3-BF4B-00C04F79EFBC}") = "Sample.iOS", "Sample\Sample.iOS\Sample.iOS.csproj", "{976FA6CC-EFAE-429B-82CE-8EB67AD794A0}"
EndProject
Project("{2150E333-8FDC-42A3-9474-1A3956D46DE8}") = "Xam.Plugin.ImageButton", "Xam.Plugin.ImageButton", "{8220DF21-8828-4BCA-BED3-114CAF31A281}"
EndProject
Project("{FAE04EC0-301F-11D3-BF4B-00C04F79EFBC}") = "ImageButton.Abstractions", "..\src\ImageButton.Abstractions\ImageButton.Abstractions.csproj", "{93C96980-76B4-4EAC-8770-83BFB0A8DCFF}"
EndProject
Project("{FAE04EC0-301F-11D3-BF4B-00C04F79EFBC}") = "ImageButton.Android", "..\src\ImageButton.Android\ImageButton.Android.csproj", "{AB5CD72A-4D23-4B52-AE15-BCF4B5B058E5}"
EndProject
Project("{FAE04EC0-301F-11D3-BF4B-00C04F79EFBC}") = "ImageButton.iOS", "..\src\ImageButton.iOS\ImageButton.iOS.csproj", "{36F1C84C-81B1-472A-BA98-AC4DF79169BE}"
EndProject
Global
	GlobalSection(SolutionConfigurationPlatforms) = preSolution
		Ad-Hoc|Any CPU = Ad-Hoc|Any CPU
		Ad-Hoc|ARM = Ad-Hoc|ARM
		Ad-Hoc|iPhone = Ad-Hoc|iPhone
		Ad-Hoc|iPhoneSimulator = Ad-Hoc|iPhoneSimulator
		Ad-Hoc|x64 = Ad-Hoc|x64
		Ad-Hoc|x86 = Ad-Hoc|x86
		AppStore|Any CPU = AppStore|Any CPU
		AppStore|ARM = AppStore|ARM
		AppStore|iPhone = AppStore|iPhone
		AppStore|iPhoneSimulator = AppStore|iPhoneSimulator
		AppStore|x64 = AppStore|x64
		AppStore|x86 = AppStore|x86
		Debug|Any CPU = Debug|Any CPU
		Debug|ARM = Debug|ARM
		Debug|iPhone = Debug|iPhone
		Debug|iPhoneSimulator = Debug|iPhoneSimulator
		Debug|x64 = Debug|x64
		Debug|x86 = Debug|x86
		Release|Any CPU = Release|Any CPU
		Release|ARM = Release|ARM
		Release|iPhone = Release|iPhone
		Release|iPhoneSimulator = Release|iPhoneSimulator
		Release|x64 = Release|x64
		Release|x86 = Release|x86
	EndGlobalSection
	GlobalSection(ProjectConfigurationPlatforms) = postSolution
		{DA24A3A5-B0EC-43D2-BD31-ACFABDC42500}.Ad-Hoc|Any CPU.ActiveCfg = Release|Any CPU
		{DA24A3A5-B0EC-43D2-BD31-ACFABDC42500}.Ad-Hoc|Any CPU.Build.0 = Release|Any CPU
		{DA24A3A5-B0EC-43D2-BD31-ACFABDC42500}.Ad-Hoc|Any CPU.Deploy.0 = Release|Any CPU
		{DA24A3A5-B0EC-43D2-BD31-ACFABDC42500}.Ad-Hoc|ARM.ActiveCfg = Release|Any CPU
		{DA24A3A5-B0EC-43D2-BD31-ACFABDC42500}.Ad-Hoc|ARM.Build.0 = Release|Any CPU
		{DA24A3A5-B0EC-43D2-BD31-ACFABDC42500}.Ad-Hoc|ARM.Deploy.0 = Release|Any CPU
		{DA24A3A5-B0EC-43D2-BD31-ACFABDC42500}.Ad-Hoc|iPhone.ActiveCfg = Release|Any CPU
		{DA24A3A5-B0EC-43D2-BD31-ACFABDC42500}.Ad-Hoc|iPhone.Build.0 = Release|Any CPU
		{DA24A3A5-B0EC-43D2-BD31-ACFABDC42500}.Ad-Hoc|iPhone.Deploy.0 = Release|Any CPU
		{DA24A3A5-B0EC-43D2-BD31-ACFABDC42500}.Ad-Hoc|iPhoneSimulator.ActiveCfg = Release|Any CPU
		{DA24A3A5-B0EC-43D2-BD31-ACFABDC42500}.Ad-Hoc|iPhoneSimulator.Build.0 = Release|Any CPU
		{DA24A3A5-B0EC-43D2-BD31-ACFABDC42500}.Ad-Hoc|iPhoneSimulator.Deploy.0 = Release|Any CPU
		{DA24A3A5-B0EC-43D2-BD31-ACFABDC42500}.Ad-Hoc|x64.ActiveCfg = Release|Any CPU
		{DA24A3A5-B0EC-43D2-BD31-ACFABDC42500}.Ad-Hoc|x64.Build.0 = Release|Any CPU
		{DA24A3A5-B0EC-43D2-BD31-ACFABDC42500}.Ad-Hoc|x64.Deploy.0 = Release|Any CPU
		{DA24A3A5-B0EC-43D2-BD31-ACFABDC42500}.Ad-Hoc|x86.ActiveCfg = Release|Any CPU
		{DA24A3A5-B0EC-43D2-BD31-ACFABDC42500}.Ad-Hoc|x86.Build.0 = Release|Any CPU
		{DA24A3A5-B0EC-43D2-BD31-ACFABDC42500}.Ad-Hoc|x86.Deploy.0 = Release|Any CPU
		{DA24A3A5-B0EC-43D2-BD31-ACFABDC42500}.AppStore|Any CPU.ActiveCfg = Release|Any CPU
		{DA24A3A5-B0EC-43D2-BD31-ACFABDC42500}.AppStore|Any CPU.Build.0 = Release|Any CPU
		{DA24A3A5-B0EC-43D2-BD31-ACFABDC42500}.AppStore|Any CPU.Deploy.0 = Release|Any CPU
		{DA24A3A5-B0EC-43D2-BD31-ACFABDC42500}.AppStore|ARM.ActiveCfg = Release|Any CPU
		{DA24A3A5-B0EC-43D2-BD31-ACFABDC42500}.AppStore|ARM.Build.0 = Release|Any CPU
		{DA24A3A5-B0EC-43D2-BD31-ACFABDC42500}.AppStore|ARM.Deploy.0 = Release|Any CPU
		{DA24A3A5-B0EC-43D2-BD31-ACFABDC42500}.AppStore|iPhone.ActiveCfg = Release|Any CPU
		{DA24A3A5-B0EC-43D2-BD31-ACFABDC42500}.AppStore|iPhone.Build.0 = Release|Any CPU
		{DA24A3A5-B0EC-43D2-BD31-ACFABDC42500}.AppStore|iPhone.Deploy.0 = Release|Any CPU
		{DA24A3A5-B0EC-43D2-BD31-ACFABDC42500}.AppStore|iPhoneSimulator.ActiveCfg = Release|Any CPU
		{DA24A3A5-B0EC-43D2-BD31-ACFABDC42500}.AppStore|iPhoneSimulator.Build.0 = Release|Any CPU
		{DA24A3A5-B0EC-43D2-BD31-ACFABDC42500}.AppStore|iPhoneSimulator.Deploy.0 = Release|Any CPU
		{DA24A3A5-B0EC-43D2-BD31-ACFABDC42500}.AppStore|x64.ActiveCfg = Release|Any CPU
		{DA24A3A5-B0EC-43D2-BD31-ACFABDC42500}.AppStore|x64.Build.0 = Release|Any CPU
		{DA24A3A5-B0EC-43D2-BD31-ACFABDC42500}.AppStore|x64.Deploy.0 = Release|Any CPU
		{DA24A3A5-B0EC-43D2-BD31-ACFABDC42500}.AppStore|x86.ActiveCfg = Release|Any CPU
		{DA24A3A5-B0EC-43D2-BD31-ACFABDC42500}.AppStore|x86.Build.0 = Release|Any CPU
		{DA24A3A5-B0EC-43D2-BD31-ACFABDC42500}.AppStore|x86.Deploy.0 = Release|Any CPU
		{DA24A3A5-B0EC-43D2-BD31-ACFABDC42500}.Debug|Any CPU.ActiveCfg = Debug|Any CPU
		{DA24A3A5-B0EC-43D2-BD31-ACFABDC42500}.Debug|Any CPU.Build.0 = Debug|Any CPU
		{DA24A3A5-B0EC-43D2-BD31-ACFABDC42500}.Debug|Any CPU.Deploy.0 = Debug|Any CPU
		{DA24A3A5-B0EC-43D2-BD31-ACFABDC42500}.Debug|ARM.ActiveCfg = Debug|Any CPU
		{DA24A3A5-B0EC-43D2-BD31-ACFABDC42500}.Debug|ARM.Build.0 = Debug|Any CPU
		{DA24A3A5-B0EC-43D2-BD31-ACFABDC42500}.Debug|ARM.Deploy.0 = Debug|Any CPU
		{DA24A3A5-B0EC-43D2-BD31-ACFABDC42500}.Debug|iPhone.ActiveCfg = Debug|Any CPU
		{DA24A3A5-B0EC-43D2-BD31-ACFABDC42500}.Debug|iPhone.Build.0 = Debug|Any CPU
		{DA24A3A5-B0EC-43D2-BD31-ACFABDC42500}.Debug|iPhone.Deploy.0 = Debug|Any CPU
		{DA24A3A5-B0EC-43D2-BD31-ACFABDC42500}.Debug|iPhoneSimulator.ActiveCfg = Debug|Any CPU
		{DA24A3A5-B0EC-43D2-BD31-ACFABDC42500}.Debug|iPhoneSimulator.Build.0 = Debug|Any CPU
		{DA24A3A5-B0EC-43D2-BD31-ACFABDC42500}.Debug|iPhoneSimulator.Deploy.0 = Debug|Any CPU
		{DA24A3A5-B0EC-43D2-BD31-ACFABDC42500}.Debug|x64.ActiveCfg = Debug|Any CPU
		{DA24A3A5-B0EC-43D2-BD31-ACFABDC42500}.Debug|x64.Build.0 = Debug|Any CPU
		{DA24A3A5-B0EC-43D2-BD31-ACFABDC42500}.Debug|x64.Deploy.0 = Debug|Any CPU
		{DA24A3A5-B0EC-43D2-BD31-ACFABDC42500}.Debug|x86.ActiveCfg = Debug|Any CPU
		{DA24A3A5-B0EC-43D2-BD31-ACFABDC42500}.Debug|x86.Build.0 = Debug|Any CPU
		{DA24A3A5-B0EC-43D2-BD31-ACFABDC42500}.Debug|x86.Deploy.0 = Debug|Any CPU
		{DA24A3A5-B0EC-43D2-BD31-ACFABDC42500}.Release|Any CPU.ActiveCfg = Release|Any CPU
		{DA24A3A5-B0EC-43D2-BD31-ACFABDC42500}.Release|Any CPU.Build.0 = Release|Any CPU
		{DA24A3A5-B0EC-43D2-BD31-ACFABDC42500}.Release|Any CPU.Deploy.0 = Release|Any CPU
		{DA24A3A5-B0EC-43D2-BD31-ACFABDC42500}.Release|ARM.ActiveCfg = Release|Any CPU
		{DA24A3A5-B0EC-43D2-BD31-ACFABDC42500}.Release|ARM.Build.0 = Release|Any CPU
		{DA24A3A5-B0EC-43D2-BD31-ACFABDC42500}.Release|ARM.Deploy.0 = Release|Any CPU
		{DA24A3A5-B0EC-43D2-BD31-ACFABDC42500}.Release|iPhone.ActiveCfg = Release|Any CPU
		{DA24A3A5-B0EC-43D2-BD31-ACFABDC42500}.Release|iPhone.Build.0 = Release|Any CPU
		{DA24A3A5-B0EC-43D2-BD31-ACFABDC42500}.Release|iPhone.Deploy.0 = Release|Any CPU
		{DA24A3A5-B0EC-43D2-BD31-ACFABDC42500}.Release|iPhoneSimulator.ActiveCfg = Release|Any CPU
		{DA24A3A5-B0EC-43D2-BD31-ACFABDC42500}.Release|iPhoneSimulator.Build.0 = Release|Any CPU
		{DA24A3A5-B0EC-43D2-BD31-ACFABDC42500}.Release|iPhoneSimulator.Deploy.0 = Release|Any CPU
		{DA24A3A5-B0EC-43D2-BD31-ACFABDC42500}.Release|x64.ActiveCfg = Release|Any CPU
		{DA24A3A5-B0EC-43D2-BD31-ACFABDC42500}.Release|x64.Build.0 = Release|Any CPU
		{DA24A3A5-B0EC-43D2-BD31-ACFABDC42500}.Release|x64.Deploy.0 = Release|Any CPU
		{DA24A3A5-B0EC-43D2-BD31-ACFABDC42500}.Release|x86.ActiveCfg = Release|Any CPU
		{DA24A3A5-B0EC-43D2-BD31-ACFABDC42500}.Release|x86.Build.0 = Release|Any CPU
		{DA24A3A5-B0EC-43D2-BD31-ACFABDC42500}.Release|x86.Deploy.0 = Release|Any CPU
		{0E1CCC6E-5FA3-44D1-85EE-0BEF33A68027}.Ad-Hoc|Any CPU.ActiveCfg = Release|Any CPU
		{0E1CCC6E-5FA3-44D1-85EE-0BEF33A68027}.Ad-Hoc|Any CPU.Build.0 = Release|Any CPU
		{0E1CCC6E-5FA3-44D1-85EE-0BEF33A68027}.Ad-Hoc|ARM.ActiveCfg = Release|Any CPU
		{0E1CCC6E-5FA3-44D1-85EE-0BEF33A68027}.Ad-Hoc|ARM.Build.0 = Release|Any CPU
		{0E1CCC6E-5FA3-44D1-85EE-0BEF33A68027}.Ad-Hoc|iPhone.ActiveCfg = Release|Any CPU
		{0E1CCC6E-5FA3-44D1-85EE-0BEF33A68027}.Ad-Hoc|iPhone.Build.0 = Release|Any CPU
		{0E1CCC6E-5FA3-44D1-85EE-0BEF33A68027}.Ad-Hoc|iPhoneSimulator.ActiveCfg = Release|Any CPU
		{0E1CCC6E-5FA3-44D1-85EE-0BEF33A68027}.Ad-Hoc|iPhoneSimulator.Build.0 = Release|Any CPU
		{0E1CCC6E-5FA3-44D1-85EE-0BEF33A68027}.Ad-Hoc|x64.ActiveCfg = Release|Any CPU
		{0E1CCC6E-5FA3-44D1-85EE-0BEF33A68027}.Ad-Hoc|x64.Build.0 = Release|Any CPU
		{0E1CCC6E-5FA3-44D1-85EE-0BEF33A68027}.Ad-Hoc|x86.ActiveCfg = Release|Any CPU
		{0E1CCC6E-5FA3-44D1-85EE-0BEF33A68027}.Ad-Hoc|x86.Build.0 = Release|Any CPU
		{0E1CCC6E-5FA3-44D1-85EE-0BEF33A68027}.AppStore|Any CPU.ActiveCfg = Release|Any CPU
		{0E1CCC6E-5FA3-44D1-85EE-0BEF33A68027}.AppStore|Any CPU.Build.0 = Release|Any CPU
		{0E1CCC6E-5FA3-44D1-85EE-0BEF33A68027}.AppStore|ARM.ActiveCfg = Release|Any CPU
		{0E1CCC6E-5FA3-44D1-85EE-0BEF33A68027}.AppStore|ARM.Build.0 = Release|Any CPU
		{0E1CCC6E-5FA3-44D1-85EE-0BEF33A68027}.AppStore|iPhone.ActiveCfg = Release|Any CPU
		{0E1CCC6E-5FA3-44D1-85EE-0BEF33A68027}.AppStore|iPhone.Build.0 = Release|Any CPU
		{0E1CCC6E-5FA3-44D1-85EE-0BEF33A68027}.AppStore|iPhoneSimulator.ActiveCfg = Release|Any CPU
		{0E1CCC6E-5FA3-44D1-85EE-0BEF33A68027}.AppStore|iPhoneSimulator.Build.0 = Release|Any CPU
		{0E1CCC6E-5FA3-44D1-85EE-0BEF33A68027}.AppStore|x64.ActiveCfg = Release|Any CPU
		{0E1CCC6E-5FA3-44D1-85EE-0BEF33A68027}.AppStore|x64.Build.0 = Release|Any CPU
		{0E1CCC6E-5FA3-44D1-85EE-0BEF33A68027}.AppStore|x86.ActiveCfg = Release|Any CPU
		{0E1CCC6E-5FA3-44D1-85EE-0BEF33A68027}.AppStore|x86.Build.0 = Release|Any CPU
		{0E1CCC6E-5FA3-44D1-85EE-0BEF33A68027}.Debug|Any CPU.ActiveCfg = Debug|Any CPU
		{0E1CCC6E-5FA3-44D1-85EE-0BEF33A68027}.Debug|Any CPU.Build.0 = Debug|Any CPU
		{0E1CCC6E-5FA3-44D1-85EE-0BEF33A68027}.Debug|ARM.ActiveCfg = Debug|Any CPU
		{0E1CCC6E-5FA3-44D1-85EE-0BEF33A68027}.Debug|ARM.Build.0 = Debug|Any CPU
		{0E1CCC6E-5FA3-44D1-85EE-0BEF33A68027}.Debug|iPhone.ActiveCfg = Debug|Any CPU
		{0E1CCC6E-5FA3-44D1-85EE-0BEF33A68027}.Debug|iPhone.Build.0 = Debug|Any CPU
		{0E1CCC6E-5FA3-44D1-85EE-0BEF33A68027}.Debug|iPhoneSimulator.ActiveCfg = Debug|Any CPU
		{0E1CCC6E-5FA3-44D1-85EE-0BEF33A68027}.Debug|iPhoneSimulator.Build.0 = Debug|Any CPU
		{0E1CCC6E-5FA3-44D1-85EE-0BEF33A68027}.Debug|x64.ActiveCfg = Debug|Any CPU
		{0E1CCC6E-5FA3-44D1-85EE-0BEF33A68027}.Debug|x64.Build.0 = Debug|Any CPU
		{0E1CCC6E-5FA3-44D1-85EE-0BEF33A68027}.Debug|x86.ActiveCfg = Debug|Any CPU
		{0E1CCC6E-5FA3-44D1-85EE-0BEF33A68027}.Debug|x86.Build.0 = Debug|Any CPU
		{0E1CCC6E-5FA3-44D1-85EE-0BEF33A68027}.Release|Any CPU.ActiveCfg = Release|Any CPU
		{0E1CCC6E-5FA3-44D1-85EE-0BEF33A68027}.Release|Any CPU.Build.0 = Release|Any CPU
		{0E1CCC6E-5FA3-44D1-85EE-0BEF33A68027}.Release|ARM.ActiveCfg = Release|Any CPU
		{0E1CCC6E-5FA3-44D1-85EE-0BEF33A68027}.Release|ARM.Build.0 = Release|Any CPU
		{0E1CCC6E-5FA3-44D1-85EE-0BEF33A68027}.Release|iPhone.ActiveCfg = Release|Any CPU
		{0E1CCC6E-5FA3-44D1-85EE-0BEF33A68027}.Release|iPhone.Build.0 = Release|Any CPU
		{0E1CCC6E-5FA3-44D1-85EE-0BEF33A68027}.Release|iPhoneSimulator.ActiveCfg = Release|Any CPU
		{0E1CCC6E-5FA3-44D1-85EE-0BEF33A68027}.Release|iPhoneSimulator.Build.0 = Release|Any CPU
		{0E1CCC6E-5FA3-44D1-85EE-0BEF33A68027}.Release|x64.ActiveCfg = Release|Any CPU
		{0E1CCC6E-5FA3-44D1-85EE-0BEF33A68027}.Release|x64.Build.0 = Release|Any CPU
		{0E1CCC6E-5FA3-44D1-85EE-0BEF33A68027}.Release|x86.ActiveCfg = Release|Any CPU
		{0E1CCC6E-5FA3-44D1-85EE-0BEF33A68027}.Release|x86.Build.0 = Release|Any CPU
		{976FA6CC-EFAE-429B-82CE-8EB67AD794A0}.Ad-Hoc|Any CPU.ActiveCfg = Ad-Hoc|iPhone
		{976FA6CC-EFAE-429B-82CE-8EB67AD794A0}.Ad-Hoc|ARM.ActiveCfg = Ad-Hoc|iPhone
		{976FA6CC-EFAE-429B-82CE-8EB67AD794A0}.Ad-Hoc|iPhone.ActiveCfg = Ad-Hoc|iPhone
		{976FA6CC-EFAE-429B-82CE-8EB67AD794A0}.Ad-Hoc|iPhone.Build.0 = Ad-Hoc|iPhone
		{976FA6CC-EFAE-429B-82CE-8EB67AD794A0}.Ad-Hoc|iPhoneSimulator.ActiveCfg = Ad-Hoc|iPhoneSimulator
		{976FA6CC-EFAE-429B-82CE-8EB67AD794A0}.Ad-Hoc|iPhoneSimulator.Build.0 = Ad-Hoc|iPhoneSimulator
		{976FA6CC-EFAE-429B-82CE-8EB67AD794A0}.Ad-Hoc|x64.ActiveCfg = Ad-Hoc|iPhone
		{976FA6CC-EFAE-429B-82CE-8EB67AD794A0}.Ad-Hoc|x86.ActiveCfg = Ad-Hoc|iPhone
		{976FA6CC-EFAE-429B-82CE-8EB67AD794A0}.AppStore|Any CPU.ActiveCfg = AppStore|iPhone
		{976FA6CC-EFAE-429B-82CE-8EB67AD794A0}.AppStore|ARM.ActiveCfg = AppStore|iPhone
		{976FA6CC-EFAE-429B-82CE-8EB67AD794A0}.AppStore|iPhone.ActiveCfg = AppStore|iPhone
		{976FA6CC-EFAE-429B-82CE-8EB67AD794A0}.AppStore|iPhone.Build.0 = AppStore|iPhone
		{976FA6CC-EFAE-429B-82CE-8EB67AD794A0}.AppStore|iPhoneSimulator.ActiveCfg = AppStore|iPhoneSimulator
		{976FA6CC-EFAE-429B-82CE-8EB67AD794A0}.AppStore|iPhoneSimulator.Build.0 = AppStore|iPhoneSimulator
		{976FA6CC-EFAE-429B-82CE-8EB67AD794A0}.AppStore|x64.ActiveCfg = AppStore|iPhone
		{976FA6CC-EFAE-429B-82CE-8EB67AD794A0}.AppStore|x86.ActiveCfg = AppStore|iPhone
		{976FA6CC-EFAE-429B-82CE-8EB67AD794A0}.Debug|Any CPU.ActiveCfg = Debug|iPhone
		{976FA6CC-EFAE-429B-82CE-8EB67AD794A0}.Debug|ARM.ActiveCfg = Debug|iPhone
		{976FA6CC-EFAE-429B-82CE-8EB67AD794A0}.Debug|iPhone.ActiveCfg = Debug|iPhone
		{976FA6CC-EFAE-429B-82CE-8EB67AD794A0}.Debug|iPhone.Build.0 = Debug|iPhone
		{976FA6CC-EFAE-429B-82CE-8EB67AD794A0}.Debug|iPhoneSimulator.ActiveCfg = Debug|iPhoneSimulator
		{976FA6CC-EFAE-429B-82CE-8EB67AD794A0}.Debug|iPhoneSimulator.Build.0 = Debug|iPhoneSimulator
		{976FA6CC-EFAE-429B-82CE-8EB67AD794A0}.Debug|x64.ActiveCfg = Debug|iPhone
		{976FA6CC-EFAE-429B-82CE-8EB67AD794A0}.Debug|x86.ActiveCfg = Debug|iPhone
		{976FA6CC-EFAE-429B-82CE-8EB67AD794A0}.Release|Any CPU.ActiveCfg = Release|iPhone
		{976FA6CC-EFAE-429B-82CE-8EB67AD794A0}.Release|ARM.ActiveCfg = Release|iPhone
		{976FA6CC-EFAE-429B-82CE-8EB67AD794A0}.Release|iPhone.ActiveCfg = Release|iPhone
		{976FA6CC-EFAE-429B-82CE-8EB67AD794A0}.Release|iPhone.Build.0 = Release|iPhone
		{976FA6CC-EFAE-429B-82CE-8EB67AD794A0}.Release|iPhoneSimulator.ActiveCfg = Release|iPhoneSimulator
		{976FA6CC-EFAE-429B-82CE-8EB67AD794A0}.Release|iPhoneSimulator.Build.0 = Release|iPhoneSimulator
		{976FA6CC-EFAE-429B-82CE-8EB67AD794A0}.Release|x64.ActiveCfg = Release|iPhone
		{976FA6CC-EFAE-429B-82CE-8EB67AD794A0}.Release|x86.ActiveCfg = Release|iPhone
		{93C96980-76B4-4EAC-8770-83BFB0A8DCFF}.Ad-Hoc|Any CPU.ActiveCfg = Release|Any CPU
		{93C96980-76B4-4EAC-8770-83BFB0A8DCFF}.Ad-Hoc|Any CPU.Build.0 = Release|Any CPU
		{93C96980-76B4-4EAC-8770-83BFB0A8DCFF}.Ad-Hoc|ARM.ActiveCfg = Release|Any CPU
		{93C96980-76B4-4EAC-8770-83BFB0A8DCFF}.Ad-Hoc|ARM.Build.0 = Release|Any CPU
		{93C96980-76B4-4EAC-8770-83BFB0A8DCFF}.Ad-Hoc|iPhone.ActiveCfg = Release|Any CPU
		{93C96980-76B4-4EAC-8770-83BFB0A8DCFF}.Ad-Hoc|iPhone.Build.0 = Release|Any CPU
		{93C96980-76B4-4EAC-8770-83BFB0A8DCFF}.Ad-Hoc|iPhoneSimulator.ActiveCfg = Release|Any CPU
		{93C96980-76B4-4EAC-8770-83BFB0A8DCFF}.Ad-Hoc|iPhoneSimulator.Build.0 = Release|Any CPU
		{93C96980-76B4-4EAC-8770-83BFB0A8DCFF}.Ad-Hoc|x64.ActiveCfg = Release|Any CPU
		{93C96980-76B4-4EAC-8770-83BFB0A8DCFF}.Ad-Hoc|x64.Build.0 = Release|Any CPU
		{93C96980-76B4-4EAC-8770-83BFB0A8DCFF}.Ad-Hoc|x86.ActiveCfg = Release|Any CPU
		{93C96980-76B4-4EAC-8770-83BFB0A8DCFF}.Ad-Hoc|x86.Build.0 = Release|Any CPU
		{93C96980-76B4-4EAC-8770-83BFB0A8DCFF}.AppStore|Any CPU.ActiveCfg = Release|Any CPU
		{93C96980-76B4-4EAC-8770-83BFB0A8DCFF}.AppStore|Any CPU.Build.0 = Release|Any CPU
		{93C96980-76B4-4EAC-8770-83BFB0A8DCFF}.AppStore|ARM.ActiveCfg = Release|Any CPU
		{93C96980-76B4-4EAC-8770-83BFB0A8DCFF}.AppStore|ARM.Build.0 = Release|Any CPU
		{93C96980-76B4-4EAC-8770-83BFB0A8DCFF}.AppStore|iPhone.ActiveCfg = Release|Any CPU
		{93C96980-76B4-4EAC-8770-83BFB0A8DCFF}.AppStore|iPhone.Build.0 = Release|Any CPU
		{93C96980-76B4-4EAC-8770-83BFB0A8DCFF}.AppStore|iPhoneSimulator.ActiveCfg = Release|Any CPU
		{93C96980-76B4-4EAC-8770-83BFB0A8DCFF}.AppStore|iPhoneSimulator.Build.0 = Release|Any CPU
		{93C96980-76B4-4EAC-8770-83BFB0A8DCFF}.AppStore|x64.ActiveCfg = Release|Any CPU
		{93C96980-76B4-4EAC-8770-83BFB0A8DCFF}.AppStore|x64.Build.0 = Release|Any CPU
		{93C96980-76B4-4EAC-8770-83BFB0A8DCFF}.AppStore|x86.ActiveCfg = Release|Any CPU
		{93C96980-76B4-4EAC-8770-83BFB0A8DCFF}.AppStore|x86.Build.0 = Release|Any CPU
		{93C96980-76B4-4EAC-8770-83BFB0A8DCFF}.Debug|Any CPU.ActiveCfg = Debug|Any CPU
		{93C96980-76B4-4EAC-8770-83BFB0A8DCFF}.Debug|Any CPU.Build.0 = Debug|Any CPU
		{93C96980-76B4-4EAC-8770-83BFB0A8DCFF}.Debug|ARM.ActiveCfg = Debug|Any CPU
		{93C96980-76B4-4EAC-8770-83BFB0A8DCFF}.Debug|ARM.Build.0 = Debug|Any CPU
		{93C96980-76B4-4EAC-8770-83BFB0A8DCFF}.Debug|iPhone.ActiveCfg = Debug|Any CPU
		{93C96980-76B4-4EAC-8770-83BFB0A8DCFF}.Debug|iPhone.Build.0 = Debug|Any CPU
		{93C96980-76B4-4EAC-8770-83BFB0A8DCFF}.Debug|iPhoneSimulator.ActiveCfg = Debug|Any CPU
		{93C96980-76B4-4EAC-8770-83BFB0A8DCFF}.Debug|iPhoneSimulator.Build.0 = Debug|Any CPU
		{93C96980-76B4-4EAC-8770-83BFB0A8DCFF}.Debug|x64.ActiveCfg = Debug|Any CPU
		{93C96980-76B4-4EAC-8770-83BFB0A8DCFF}.Debug|x64.Build.0 = Debug|Any CPU
		{93C96980-76B4-4EAC-8770-83BFB0A8DCFF}.Debug|x86.ActiveCfg = Debug|Any CPU
		{93C96980-76B4-4EAC-8770-83BFB0A8DCFF}.Debug|x86.Build.0 = Debug|Any CPU
		{93C96980-76B4-4EAC-8770-83BFB0A8DCFF}.Release|Any CPU.ActiveCfg = Release|Any CPU
		{93C96980-76B4-4EAC-8770-83BFB0A8DCFF}.Release|Any CPU.Build.0 = Release|Any CPU
		{93C96980-76B4-4EAC-8770-83BFB0A8DCFF}.Release|ARM.ActiveCfg = Release|Any CPU
		{93C96980-76B4-4EAC-8770-83BFB0A8DCFF}.Release|ARM.Build.0 = Release|Any CPU
		{93C96980-76B4-4EAC-8770-83BFB0A8DCFF}.Release|iPhone.ActiveCfg = Release|Any CPU
		{93C96980-76B4-4EAC-8770-83BFB0A8DCFF}.Release|iPhone.Build.0 = Release|Any CPU
		{93C96980-76B4-4EAC-8770-83BFB0A8DCFF}.Release|iPhoneSimulator.ActiveCfg = Release|Any CPU
		{93C96980-76B4-4EAC-8770-83BFB0A8DCFF}.Release|iPhoneSimulator.Build.0 = Release|Any CPU
		{93C96980-76B4-4EAC-8770-83BFB0A8DCFF}.Release|x64.ActiveCfg = Release|Any CPU
		{93C96980-76B4-4EAC-8770-83BFB0A8DCFF}.Release|x64.Build.0 = Release|Any CPU
		{93C96980-76B4-4EAC-8770-83BFB0A8DCFF}.Release|x86.ActiveCfg = Release|Any CPU
		{93C96980-76B4-4EAC-8770-83BFB0A8DCFF}.Release|x86.Build.0 = Release|Any CPU
		{AB5CD72A-4D23-4B52-AE15-BCF4B5B058E5}.Ad-Hoc|Any CPU.ActiveCfg = Release|Any CPU
		{AB5CD72A-4D23-4B52-AE15-BCF4B5B058E5}.Ad-Hoc|Any CPU.Build.0 = Release|Any CPU
		{AB5CD72A-4D23-4B52-AE15-BCF4B5B058E5}.Ad-Hoc|ARM.ActiveCfg = Release|Any CPU
		{AB5CD72A-4D23-4B52-AE15-BCF4B5B058E5}.Ad-Hoc|ARM.Build.0 = Release|Any CPU
		{AB5CD72A-4D23-4B52-AE15-BCF4B5B058E5}.Ad-Hoc|iPhone.ActiveCfg = Release|Any CPU
		{AB5CD72A-4D23-4B52-AE15-BCF4B5B058E5}.Ad-Hoc|iPhone.Build.0 = Release|Any CPU
		{AB5CD72A-4D23-4B52-AE15-BCF4B5B058E5}.Ad-Hoc|iPhoneSimulator.ActiveCfg = Release|Any CPU
		{AB5CD72A-4D23-4B52-AE15-BCF4B5B058E5}.Ad-Hoc|iPhoneSimulator.Build.0 = Release|Any CPU
		{AB5CD72A-4D23-4B52-AE15-BCF4B5B058E5}.Ad-Hoc|x64.ActiveCfg = Release|Any CPU
		{AB5CD72A-4D23-4B52-AE15-BCF4B5B058E5}.Ad-Hoc|x64.Build.0 = Release|Any CPU
		{AB5CD72A-4D23-4B52-AE15-BCF4B5B058E5}.Ad-Hoc|x86.ActiveCfg = Release|Any CPU
		{AB5CD72A-4D23-4B52-AE15-BCF4B5B058E5}.Ad-Hoc|x86.Build.0 = Release|Any CPU
		{AB5CD72A-4D23-4B52-AE15-BCF4B5B058E5}.AppStore|Any CPU.ActiveCfg = Release|Any CPU
		{AB5CD72A-4D23-4B52-AE15-BCF4B5B058E5}.AppStore|Any CPU.Build.0 = Release|Any CPU
		{AB5CD72A-4D23-4B52-AE15-BCF4B5B058E5}.AppStore|ARM.ActiveCfg = Release|Any CPU
		{AB5CD72A-4D23-4B52-AE15-BCF4B5B058E5}.AppStore|ARM.Build.0 = Release|Any CPU
		{AB5CD72A-4D23-4B52-AE15-BCF4B5B058E5}.AppStore|iPhone.ActiveCfg = Release|Any CPU
		{AB5CD72A-4D23-4B52-AE15-BCF4B5B058E5}.AppStore|iPhone.Build.0 = Release|Any CPU
		{AB5CD72A-4D23-4B52-AE15-BCF4B5B058E5}.AppStore|iPhoneSimulator.ActiveCfg = Release|Any CPU
		{AB5CD72A-4D23-4B52-AE15-BCF4B5B058E5}.AppStore|iPhoneSimulator.Build.0 = Release|Any CPU
		{AB5CD72A-4D23-4B52-AE15-BCF4B5B058E5}.AppStore|x64.ActiveCfg = Release|Any CPU
		{AB5CD72A-4D23-4B52-AE15-BCF4B5B058E5}.AppStore|x64.Build.0 = Release|Any CPU
		{AB5CD72A-4D23-4B52-AE15-BCF4B5B058E5}.AppStore|x86.ActiveCfg = Release|Any CPU
		{AB5CD72A-4D23-4B52-AE15-BCF4B5B058E5}.AppStore|x86.Build.0 = Release|Any CPU
		{AB5CD72A-4D23-4B52-AE15-BCF4B5B058E5}.Debug|Any CPU.ActiveCfg = Debug|Any CPU
		{AB5CD72A-4D23-4B52-AE15-BCF4B5B058E5}.Debug|Any CPU.Build.0 = Debug|Any CPU
		{AB5CD72A-4D23-4B52-AE15-BCF4B5B058E5}.Debug|ARM.ActiveCfg = Debug|Any CPU
		{AB5CD72A-4D23-4B52-AE15-BCF4B5B058E5}.Debug|ARM.Build.0 = Debug|Any CPU
		{AB5CD72A-4D23-4B52-AE15-BCF4B5B058E5}.Debug|iPhone.ActiveCfg = Debug|Any CPU
		{AB5CD72A-4D23-4B52-AE15-BCF4B5B058E5}.Debug|iPhone.Build.0 = Debug|Any CPU
		{AB5CD72A-4D23-4B52-AE15-BCF4B5B058E5}.Debug|iPhoneSimulator.ActiveCfg = Debug|Any CPU
		{AB5CD72A-4D23-4B52-AE15-BCF4B5B058E5}.Debug|iPhoneSimulator.Build.0 = Debug|Any CPU
		{AB5CD72A-4D23-4B52-AE15-BCF4B5B058E5}.Debug|x64.ActiveCfg = Debug|Any CPU
		{AB5CD72A-4D23-4B52-AE15-BCF4B5B058E5}.Debug|x64.Build.0 = Debug|Any CPU
		{AB5CD72A-4D23-4B52-AE15-BCF4B5B058E5}.Debug|x86.ActiveCfg = Debug|Any CPU
		{AB5CD72A-4D23-4B52-AE15-BCF4B5B058E5}.Debug|x86.Build.0 = Debug|Any CPU
		{AB5CD72A-4D23-4B52-AE15-BCF4B5B058E5}.Release|Any CPU.ActiveCfg = Release|Any CPU
		{AB5CD72A-4D23-4B52-AE15-BCF4B5B058E5}.Release|Any CPU.Build.0 = Release|Any CPU
		{AB5CD72A-4D23-4B52-AE15-BCF4B5B058E5}.Release|ARM.ActiveCfg = Release|Any CPU
		{AB5CD72A-4D23-4B52-AE15-BCF4B5B058E5}.Release|ARM.Build.0 = Release|Any CPU
		{AB5CD72A-4D23-4B52-AE15-BCF4B5B058E5}.Release|iPhone.ActiveCfg = Release|Any CPU
		{AB5CD72A-4D23-4B52-AE15-BCF4B5B058E5}.Release|iPhone.Build.0 = Release|Any CPU
		{AB5CD72A-4D23-4B52-AE15-BCF4B5B058E5}.Release|iPhoneSimulator.ActiveCfg = Release|Any CPU
		{AB5CD72A-4D23-4B52-AE15-BCF4B5B058E5}.Release|iPhoneSimulator.Build.0 = Release|Any CPU
		{AB5CD72A-4D23-4B52-AE15-BCF4B5B058E5}.Release|x64.ActiveCfg = Release|Any CPU
		{AB5CD72A-4D23-4B52-AE15-BCF4B5B058E5}.Release|x64.Build.0 = Release|Any CPU
		{AB5CD72A-4D23-4B52-AE15-BCF4B5B058E5}.Release|x86.ActiveCfg = Release|Any CPU
		{AB5CD72A-4D23-4B52-AE15-BCF4B5B058E5}.Release|x86.Build.0 = Release|Any CPU
		{36F1C84C-81B1-472A-BA98-AC4DF79169BE}.Ad-Hoc|Any CPU.ActiveCfg = Release|Any CPU
		{36F1C84C-81B1-472A-BA98-AC4DF79169BE}.Ad-Hoc|Any CPU.Build.0 = Release|Any CPU
		{36F1C84C-81B1-472A-BA98-AC4DF79169BE}.Ad-Hoc|ARM.ActiveCfg = Release|Any CPU
		{36F1C84C-81B1-472A-BA98-AC4DF79169BE}.Ad-Hoc|ARM.Build.0 = Release|Any CPU
		{36F1C84C-81B1-472A-BA98-AC4DF79169BE}.Ad-Hoc|iPhone.ActiveCfg = Release|Any CPU
		{36F1C84C-81B1-472A-BA98-AC4DF79169BE}.Ad-Hoc|iPhone.Build.0 = Release|Any CPU
		{36F1C84C-81B1-472A-BA98-AC4DF79169BE}.Ad-Hoc|iPhoneSimulator.ActiveCfg = Release|Any CPU
		{36F1C84C-81B1-472A-BA98-AC4DF79169BE}.Ad-Hoc|iPhoneSimulator.Build.0 = Release|Any CPU
		{36F1C84C-81B1-472A-BA98-AC4DF79169BE}.Ad-Hoc|x64.ActiveCfg = Release|Any CPU
		{36F1C84C-81B1-472A-BA98-AC4DF79169BE}.Ad-Hoc|x64.Build.0 = Release|Any CPU
		{36F1C84C-81B1-472A-BA98-AC4DF79169BE}.Ad-Hoc|x86.ActiveCfg = Release|Any CPU
		{36F1C84C-81B1-472A-BA98-AC4DF79169BE}.Ad-Hoc|x86.Build.0 = Release|Any CPU
		{36F1C84C-81B1-472A-BA98-AC4DF79169BE}.AppStore|Any CPU.ActiveCfg = Release|Any CPU
		{36F1C84C-81B1-472A-BA98-AC4DF79169BE}.AppStore|Any CPU.Build.0 = Release|Any CPU
		{36F1C84C-81B1-472A-BA98-AC4DF79169BE}.AppStore|ARM.ActiveCfg = Release|Any CPU
		{36F1C84C-81B1-472A-BA98-AC4DF79169BE}.AppStore|ARM.Build.0 = Release|Any CPU
		{36F1C84C-81B1-472A-BA98-AC4DF79169BE}.AppStore|iPhone.ActiveCfg = Release|Any CPU
		{36F1C84C-81B1-472A-BA98-AC4DF79169BE}.AppStore|iPhone.Build.0 = Release|Any CPU
		{36F1C84C-81B1-472A-BA98-AC4DF79169BE}.AppStore|iPhoneSimulator.ActiveCfg = Release|Any CPU
		{36F1C84C-81B1-472A-BA98-AC4DF79169BE}.AppStore|iPhoneSimulator.Build.0 = Release|Any CPU
		{36F1C84C-81B1-472A-BA98-AC4DF79169BE}.AppStore|x64.ActiveCfg = Release|Any CPU
		{36F1C84C-81B1-472A-BA98-AC4DF79169BE}.AppStore|x64.Build.0 = Release|Any CPU
		{36F1C84C-81B1-472A-BA98-AC4DF79169BE}.AppStore|x86.ActiveCfg = Release|Any CPU
		{36F1C84C-81B1-472A-BA98-AC4DF79169BE}.AppStore|x86.Build.0 = Release|Any CPU
		{36F1C84C-81B1-472A-BA98-AC4DF79169BE}.Debug|Any CPU.ActiveCfg = Debug|Any CPU
		{36F1C84C-81B1-472A-BA98-AC4DF79169BE}.Debug|Any CPU.Build.0 = Debug|Any CPU
		{36F1C84C-81B1-472A-BA98-AC4DF79169BE}.Debug|ARM.ActiveCfg = Debug|Any CPU
		{36F1C84C-81B1-472A-BA98-AC4DF79169BE}.Debug|ARM.Build.0 = Debug|Any CPU
		{36F1C84C-81B1-472A-BA98-AC4DF79169BE}.Debug|iPhone.ActiveCfg = Debug|Any CPU
		{36F1C84C-81B1-472A-BA98-AC4DF79169BE}.Debug|iPhone.Build.0 = Debug|Any CPU
		{36F1C84C-81B1-472A-BA98-AC4DF79169BE}.Debug|iPhoneSimulator.ActiveCfg = Debug|Any CPU
		{36F1C84C-81B1-472A-BA98-AC4DF79169BE}.Debug|iPhoneSimulator.Build.0 = Debug|Any CPU
		{36F1C84C-81B1-472A-BA98-AC4DF79169BE}.Debug|x64.ActiveCfg = Debug|Any CPU
		{36F1C84C-81B1-472A-BA98-AC4DF79169BE}.Debug|x64.Build.0 = Debug|Any CPU
		{36F1C84C-81B1-472A-BA98-AC4DF79169BE}.Debug|x86.ActiveCfg = Debug|Any CPU
		{36F1C84C-81B1-472A-BA98-AC4DF79169BE}.Debug|x86.Build.0 = Debug|Any CPU
		{36F1C84C-81B1-472A-BA98-AC4DF79169BE}.Release|Any CPU.ActiveCfg = Release|Any CPU
		{36F1C84C-81B1-472A-BA98-AC4DF79169BE}.Release|Any CPU.Build.0 = Release|Any CPU
		{36F1C84C-81B1-472A-BA98-AC4DF79169BE}.Release|ARM.ActiveCfg = Release|Any CPU
		{36F1C84C-81B1-472A-BA98-AC4DF79169BE}.Release|ARM.Build.0 = Release|Any CPU
		{36F1C84C-81B1-472A-BA98-AC4DF79169BE}.Release|iPhone.ActiveCfg = Release|Any CPU
		{36F1C84C-81B1-472A-BA98-AC4DF79169BE}.Release|iPhone.Build.0 = Release|Any CPU
		{36F1C84C-81B1-472A-BA98-AC4DF79169BE}.Release|iPhoneSimulator.ActiveCfg = Release|Any CPU
		{36F1C84C-81B1-472A-BA98-AC4DF79169BE}.Release|iPhoneSimulator.Build.0 = Release|Any CPU
		{36F1C84C-81B1-472A-BA98-AC4DF79169BE}.Release|x64.ActiveCfg = Release|Any CPU
		{36F1C84C-81B1-472A-BA98-AC4DF79169BE}.Release|x64.Build.0 = Release|Any CPU
		{36F1C84C-81B1-472A-BA98-AC4DF79169BE}.Release|x86.ActiveCfg = Release|Any CPU
		{36F1C84C-81B1-472A-BA98-AC4DF79169BE}.Release|x86.Build.0 = Release|Any CPU
	EndGlobalSection
	GlobalSection(SolutionProperties) = preSolution
		HideSolutionNode = FALSE
	EndGlobalSection
	GlobalSection(NestedProjects) = preSolution
		{93C96980-76B4-4EAC-8770-83BFB0A8DCFF} = {8220DF21-8828-4BCA-BED3-114CAF31A281}
		{AB5CD72A-4D23-4B52-AE15-BCF4B5B058E5} = {8220DF21-8828-4BCA-BED3-114CAF31A281}
		{36F1C84C-81B1-472A-BA98-AC4DF79169BE} = {8220DF21-8828-4BCA-BED3-114CAF31A281}
	EndGlobalSection
EndGlobal
